// !$*UTF8*$!
{
	archiveVersion = 1;
	classes = {
	};
	objectVersion = 50;
	objects = {

/* Begin PBXBuildFile section */
		9C65D2152266CBF700B37C89 /* AppDelegate.m in Sources */ = {isa = PBXBuildFile; fileRef = 9C65D2142266CBF700B37C89 /* AppDelegate.m */; };
		9C65D2182266CBF700B37C89 /* ViewController.m in Sources */ = {isa = PBXBuildFile; fileRef = 9C65D2172266CBF700B37C89 /* ViewController.m */; };
		9C65D21B2266CBF700B37C89 /* Main.storyboard in Resources */ = {isa = PBXBuildFile; fileRef = 9C65D2192266CBF700B37C89 /* Main.storyboard */; };
		9C65D21D2266CBF800B37C89 /* Assets.xcassets in Resources */ = {isa = PBXBuildFile; fileRef = 9C65D21C2266CBF800B37C89 /* Assets.xcassets */; };
		9C65D2202266CBF800B37C89 /* LaunchScreen.storyboard in Resources */ = {isa = PBXBuildFile; fileRef = 9C65D21E2266CBF800B37C89 /* LaunchScreen.storyboard */; };
		9C65D2232266CBF800B37C89 /* main.m in Sources */ = {isa = PBXBuildFile; fileRef = 9C65D2222266CBF800B37C89 /* main.m */; };
		9C65D22D2266CBF900B37C89 /* CustomWeakTimerUITests.m in Sources */ = {isa = PBXBuildFile; fileRef = 9C65D22C2266CBF900B37C89 /* CustomWeakTimerUITests.m */; };
		9C65D2392266CC2A00B37C89 /* NSTimer+weakTimer.m in Sources */ = {isa = PBXBuildFile; fileRef = 9C65D2382266CC2A00B37C89 /* NSTimer+weakTimer.m */; };
		9C65D23C2266D4FE00B37C89 /* SecondViewController.m in Sources */ = {isa = PBXBuildFile; fileRef = 9C65D23B2266D4FE00B37C89 /* SecondViewController.m */; };
/* End PBXBuildFile section */

/* Begin PBXContainerItemProxy section */
		9C65D2292266CBF900B37C89 /* PBXContainerItemProxy */ = {
			isa = PBXContainerItemProxy;
			containerPortal = 9C65D2082266CBF700B37C89 /* Project object */;
			proxyType = 1;
			remoteGlobalIDString = 9C65D20F2266CBF700B37C89;
			remoteInfo = CustomWeakTimer;
		};
/* End PBXContainerItemProxy section */

/* Begin PBXFileReference section */
		9C65D2102266CBF700B37C89 /* CustomWeakTimer.app */ = {isa = PBXFileReference; explicitFileType = wrapper.application; includeInIndex = 0; path = CustomWeakTimer.app; sourceTree = BUILT_PRODUCTS_DIR; };
		9C65D2132266CBF700B37C89 /* AppDelegate.h */ = {isa = PBXFileReference; lastKnownFileType = sourcecode.c.h; path = AppDelegate.h; sourceTree = "<group>"; };
		9C65D2142266CBF700B37C89 /* AppDelegate.m */ = {isa = PBXFileReference; lastKnownFileType = sourcecode.c.objc; path = AppDelegate.m; sourceTree = "<group>"; };
		9C65D2162266CBF700B37C89 /* ViewController.h */ = {isa = PBXFileReference; lastKnownFileType = sourcecode.c.h; path = ViewController.h; sourceTree = "<group>"; };
		9C65D2172266CBF700B37C89 /* ViewController.m */ = {isa = PBXFileReference; lastKnownFileType = sourcecode.c.objc; path = ViewController.m; sourceTree = "<group>"; };
		9C65D21A2266CBF700B37C89 /* Base */ = {isa = PBXFileReference; lastKnownFileType = file.storyboard; name = Base; path = Base.lproj/Main.storyboard; sourceTree = "<group>"; };
		9C65D21C2266CBF800B37C89 /* Assets.xcassets */ = {isa = PBXFileReference; lastKnownFileType = folder.assetcatalog; path = Assets.xcassets; sourceTree = "<group>"; };
		9C65D21F2266CBF800B37C89 /* Base */ = {isa = PBXFileReference; lastKnownFileType = file.storyboard; name = Base; path = Base.lproj/LaunchScreen.storyboard; sourceTree = "<group>"; };
		9C65D2212266CBF800B37C89 /* Info.plist */ = {isa = PBXFileReference; lastKnownFileType = text.plist.xml; path = Info.plist; sourceTree = "<group>"; };
		9C65D2222266CBF800B37C89 /* main.m */ = {isa = PBXFileReference; lastKnownFileType = sourcecode.c.objc; path = main.m; sourceTree = "<group>"; };
		9C65D2282266CBF900B37C89 /* CustomWeakTimerUITests.xctest */ = {isa = PBXFileReference; explicitFileType = wrapper.cfbundle; includeInIndex = 0; path = CustomWeakTimerUITests.xctest; sourceTree = BUILT_PRODUCTS_DIR; };
		9C65D22C2266CBF900B37C89 /* CustomWeakTimerUITests.m */ = {isa = PBXFileReference; lastKnownFileType = sourcecode.c.objc; path = CustomWeakTimerUITests.m; sourceTree = "<group>"; };
		9C65D22E2266CBF900B37C89 /* Info.plist */ = {isa = PBXFileReference; lastKnownFileType = text.plist.xml; path = Info.plist; sourceTree = "<group>"; };
		9C65D2372266CC2A00B37C89 /* NSTimer+weakTimer.h */ = {isa = PBXFileReference; lastKnownFileType = sourcecode.c.h; path = "NSTimer+weakTimer.h"; sourceTree = "<group>"; };
		9C65D2382266CC2A00B37C89 /* NSTimer+weakTimer.m */ = {isa = PBXFileReference; lastKnownFileType = sourcecode.c.objc; path = "NSTimer+weakTimer.m"; sourceTree = "<group>"; };
		9C65D23A2266D4FE00B37C89 /* SecondViewController.h */ = {isa = PBXFileReference; lastKnownFileType = sourcecode.c.h; path = SecondViewController.h; sourceTree = "<group>"; };
		9C65D23B2266D4FE00B37C89 /* SecondViewController.m */ = {isa = PBXFileReference; lastKnownFileType = sourcecode.c.objc; path = SecondViewController.m; sourceTree = "<group>"; };
/* End PBXFileReference section */

/* Begin PBXFrameworksBuildPhase section */
		9C65D20D2266CBF700B37C89 /* Frameworks */ = {
			isa = PBXFrameworksBuildPhase;
			buildActionMask = 2147483647;
			files = (
			);
			runOnlyForDeploymentPostprocessing = 0;
		};
		9C65D2252266CBF900B37C89 /* Frameworks */ = {
			isa = PBXFrameworksBuildPhase;
			buildActionMask = 2147483647;
			files = (
			);
			runOnlyForDeploymentPostprocessing = 0;
		};
/* End PBXFrameworksBuildPhase section */

/* Begin PBXGroup section */
		9C65D2072266CBF700B37C89 = {
			isa = PBXGroup;
			children = (
				9C65D2122266CBF700B37C89 /* CustomWeakTimer */,
				9C65D22B2266CBF900B37C89 /* CustomWeakTimerUITests */,
				9C65D2112266CBF700B37C89 /* Products */,
			);
			sourceTree = "<group>";
		};
		9C65D2112266CBF700B37C89 /* Products */ = {
			isa = PBXGroup;
			children = (
				9C65D2102266CBF700B37C89 /* CustomWeakTimer.app */,
				9C65D2282266CBF900B37C89 /* CustomWeakTimerUITests.xctest */,
			);
			name = Products;
			sourceTree = "<group>";
		};
		9C65D2122266CBF700B37C89 /* CustomWeakTimer */ = {
			isa = PBXGroup;
			children = (
				9C65D2132266CBF700B37C89 /* AppDelegate.h */,
				9C65D2142266CBF700B37C89 /* AppDelegate.m */,
				9C65D2162266CBF700B37C89 /* ViewController.h */,
				9C65D2172266CBF700B37C89 /* ViewController.m */,
				9C65D23A2266D4FE00B37C89 /* SecondViewController.h */,
				9C65D23B2266D4FE00B37C89 /* SecondViewController.m */,
				9C65D2192266CBF700B37C89 /* Main.storyboard */,
				9C65D21C2266CBF800B37C89 /* Assets.xcassets */,
				9C65D21E2266CBF800B37C89 /* LaunchScreen.storyboard */,
				9C65D2212266CBF800B37C89 /* Info.plist */,
				9C65D2222266CBF800B37C89 /* main.m */,
				9C65D2372266CC2A00B37C89 /* NSTimer+weakTimer.h */,
				9C65D2382266CC2A00B37C89 /* NSTimer+weakTimer.m */,
			);
			path = CustomWeakTimer;
			sourceTree = "<group>";
		};
		9C65D22B2266CBF900B37C89 /* CustomWeakTimerUITests */ = {
			isa = PBXGroup;
			children = (
				9C65D22C2266CBF900B37C89 /* CustomWeakTimerUITests.m */,
				9C65D22E2266CBF900B37C89 /* Info.plist */,
			);
			path = CustomWeakTimerUITests;
			sourceTree = "<group>";
		};
/* End PBXGroup section */

/* Begin PBXNativeTarget section */
		9C65D20F2266CBF700B37C89 /* CustomWeakTimer */ = {
			isa = PBXNativeTarget;
			buildConfigurationList = 9C65D2312266CBF900B37C89 /* Build configuration list for PBXNativeTarget "CustomWeakTimer" */;
			buildPhases = (
				9C65D20C2266CBF700B37C89 /* Sources */,
				9C65D20D2266CBF700B37C89 /* Frameworks */,
				9C65D20E2266CBF700B37C89 /* Resources */,
			);
			buildRules = (
			);
			dependencies = (
			);
			name = CustomWeakTimer;
			productName = CustomWeakTimer;
			productReference = 9C65D2102266CBF700B37C89 /* CustomWeakTimer.app */;
			productType = "com.apple.product-type.application";
		};
		9C65D2272266CBF900B37C89 /* CustomWeakTimerUITests */ = {
			isa = PBXNativeTarget;
			buildConfigurationList = 9C65D2342266CBF900B37C89 /* Build configuration list for PBXNativeTarget "CustomWeakTimerUITests" */;
			buildPhases = (
				9C65D2242266CBF900B37C89 /* Sources */,
				9C65D2252266CBF900B37C89 /* Frameworks */,
				9C65D2262266CBF900B37C89 /* Resources */,
			);
			buildRules = (
			);
			dependencies = (
				9C65D22A2266CBF900B37C89 /* PBXTargetDependency */,
			);
			name = CustomWeakTimerUITests;
			productName = CustomWeakTimerUITests;
			productReference = 9C65D2282266CBF900B37C89 /* CustomWeakTimerUITests.xctest */;
			productType = "com.apple.product-type.bundle.ui-testing";
		};
/* End PBXNativeTarget section */

/* Begin PBXProject section */
		9C65D2082266CBF700B37C89 /* Project object */ = {
			isa = PBXProject;
			attributes = {
				LastUpgradeCheck = 1010;
				ORGANIZATIONNAME = MAC005;
				TargetAttributes = {
					9C65D20F2266CBF700B37C89 = {
						CreatedOnToolsVersion = 10.1;
					};
					9C65D2272266CBF900B37C89 = {
						CreatedOnToolsVersion = 10.1;
						TestTargetID = 9C65D20F2266CBF700B37C89;
					};
				};
			};
			buildConfigurationList = 9C65D20B2266CBF700B37C89 /* Build configuration list for PBXProject "CustomWeakTimer" */;
			compatibilityVersion = "Xcode 9.3";
			developmentRegion = en;
			hasScannedForEncodings = 0;
			knownRegions = (
				en,
				Base,
			);
			mainGroup = 9C65D2072266CBF700B37C89;
			productRefGroup = 9C65D2112266CBF700B37C89 /* Products */;
			projectDirPath = "";
			projectRoot = "";
			targets = (
				9C65D20F2266CBF700B37C89 /* CustomWeakTimer */,
				9C65D2272266CBF900B37C89 /* CustomWeakTimerUITests */,
			);
		};
/* End PBXProject section */

/* Begin PBXResourcesBuildPhase section */
		9C65D20E2266CBF700B37C89 /* Resources */ = {
			isa = PBXResourcesBuildPhase;
			buildActionMask = 2147483647;
			files = (
				9C65D2202266CBF800B37C89 /* LaunchScreen.storyboard in Resources */,
				9C65D21D2266CBF800B37C89 /* Assets.xcassets in Resources */,
				9C65D21B2266CBF700B37C89 /* Main.storyboard in Resources */,
			);
			runOnlyForDeploymentPostprocessing = 0;
		};
		9C65D2262266CBF900B37C89 /* Resources */ = {
			isa = PBXResourcesBuildPhase;
			buildActionMask = 2147483647;
			files = (
			);
			runOnlyForDeploymentPostprocessing = 0;
		};
/* End PBXResourcesBuildPhase section */

/* Begin PBXSourcesBuildPhase section */
		9C65D20C2266CBF700B37C89 /* Sources */ = {
			isa = PBXSourcesBuildPhase;
			buildActionMask = 2147483647;
			files = (
				9C65D23C2266D4FE00B37C89 /* SecondViewController.m in Sources */,
				9C65D2392266CC2A00B37C89 /* NSTimer+weakTimer.m in Sources */,
				9C65D2182266CBF700B37C89 /* ViewController.m in Sources */,
				9C65D2232266CBF800B37C89 /* main.m in Sources */,
				9C65D2152266CBF700B37C89 /* AppDelegate.m in Sources */,
			);
			runOnlyForDeploymentPostprocessing = 0;
		};
		9C65D2242266CBF900B37C89 /* Sources */ = {
			isa = PBXSourcesBuildPhase;
			buildActionMask = 2147483647;
			files = (
				9C65D22D2266CBF900B37C89 /* CustomWeakTimerUITests.m in Sources */,
			);
			runOnlyForDeploymentPostprocessing = 0;
		};
/* End PBXSourcesBuildPhase section */

/* Begin PBXTargetDependency section */
		9C65D22A2266CBF900B37C89 /* PBXTargetDependency */ = {
			isa = PBXTargetDependency;
			target = 9C65D20F2266CBF700B37C89 /* CustomWeakTimer */;
			targetProxy = 9C65D2292266CBF900B37C89 /* PBXContainerItemProxy */;
		};
/* End PBXTargetDependency section */

/* Begin PBXVariantGroup section */
		9C65D2192266CBF700B37C89 /* Main.storyboard */ = {
			isa = PBXVariantGroup;
			children = (
				9C65D21A2266CBF700B37C89 /* Base */,
			);
			name = Main.storyboard;
			sourceTree = "<group>";
		};
		9C65D21E2266CBF800B37C89 /* LaunchScreen.storyboard */ = {
			isa = PBXVariantGroup;
			children = (
				9C65D21F2266CBF800B37C89 /* Base */,
			);
			name = LaunchScreen.storyboard;
			sourceTree = "<group>";
		};
/* End PBXVariantGroup section */

/* Begin XCBuildConfiguration section */
		9C65D22F2266CBF900B37C89 /* Debug */ = {
			isa = XCBuildConfiguration;
			buildSettings = {
				ALWAYS_SEARCH_USER_PATHS = NO;
				CLANG_ANALYZER_NONNULL = YES;
				CLANG_ANALYZER_NUMBER_OBJECT_CONVERSION = YES_AGGRESSIVE;
				CLANG_CXX_LANGUAGE_STANDARD = "gnu++14";
				CLANG_CXX_LIBRARY = "libc++";
				CLANG_ENABLE_MODULES = YES;
				CLANG_ENABLE_OBJC_ARC = YES;
				CLANG_ENABLE_OBJC_WEAK = YES;
				CLANG_WARN_BLOCK_CAPTURE_AUTORELEASING = YES;
				CLANG_WARN_BOOL_CONVERSION = YES;
				CLANG_WARN_COMMA = YES;
				CLANG_WARN_CONSTANT_CONVERSION = YES;
				CLANG_WARN_DEPRECATED_OBJC_IMPLEMENTATIONS = YES;
				CLANG_WARN_DIRECT_OBJC_ISA_USAGE = YES_ERROR;
				CLANG_WARN_DOCUMENTATION_COMMENTS = YES;
				CLANG_WARN_EMPTY_BODY = YES;
				CLANG_WARN_ENUM_CONVERSION = YES;
				CLANG_WARN_INFINITE_RECURSION = YES;
				CLANG_WARN_INT_CONVERSION = YES;
				CLANG_WARN_NON_LITERAL_NULL_CONVERSION = YES;
				CLANG_WARN_OBJC_IMPLICIT_RETAIN_SELF = YES;
				CLANG_WARN_OBJC_LITERAL_CONVERSION = YES;
				CLANG_WARN_OBJC_ROOT_CLASS = YES_ERROR;
				CLANG_WARN_RANGE_LOOP_ANALYSIS = YES;
				CLANG_WARN_STRICT_PROTOTYPES = YES;
				CLANG_WARN_SUSPICIOUS_MOVE = YES;
				CLANG_WARN_UNGUARDED_AVAILABILITY = YES_AGGRESSIVE;
				CLANG_WARN_UNREACHABLE_CODE = YES;
				CLANG_WARN__DUPLICATE_METHOD_MATCH = YES;
				CODE_SIGN_IDENTITY = "iPhone Developer";
				COPY_PHASE_STRIP = NO;
				DEBUG_INFORMATION_FORMAT = dwarf;
				ENABLE_STRICT_OBJC_MSGSEND = YES;
				ENABLE_TESTABILITY = YES;
				GCC_C_LANGUAGE_STANDARD = gnu11;
				GCC_DYNAMIC_NO_PIC = NO;
				GCC_NO_COMMON_BLOCKS = YES;
				GCC_OPTIMIZATION_LEVEL = 0;
				GCC_PREPROCESSOR_DEFINITIONS = (
					"DEBUG=1",
					"$(inherited)",
				);
				GCC_WARN_64_TO_32_BIT_CONVERSION = YES;
				GCC_WARN_ABOUT_RETURN_TYPE = YES_ERROR;
				GCC_WARN_UNDECLARED_SELECTOR = YES;
				GCC_WARN_UNINITIALIZED_AUTOS = YES_AGGRESSIVE;
				GCC_WARN_UNUSED_FUNCTION = YES;
				GCC_WARN_UNUSED_VARIABLE = YES;
				IPHONEOS_DEPLOYMENT_TARGET = 12.1;
				MTL_ENABLE_DEBUG_INFO = INCLUDE_SOURCE;
				MTL_FAST_MATH = YES;
				ONLY_ACTIVE_ARCH = YES;
				SDKROOT = iphoneos;
			};
			name = Debug;
		};
		9C65D2302266CBF900B37C89 /* Release */ = {
			isa = XCBuildConfiguration;
			buildSettings = {
				ALWAYS_SEARCH_USER_PATHS = NO;
				CLANG_ANALYZER_NONNULL = YES;
				CLANG_ANALYZER_NUMBER_OBJECT_CONVERSION = YES_AGGRESSIVE;
				CLANG_CXX_LANGUAGE_STANDARD = "gnu++14";
				CLANG_CXX_LIBRARY = "libc++";
				CLANG_ENABLE_MODULES = YES;
				CLANG_ENABLE_OBJC_ARC = YES;
				CLANG_ENABLE_OBJC_WEAK = YES;
				CLANG_WARN_BLOCK_CAPTURE_AUTORELEASING = YES;
				CLANG_WARN_BOOL_CONVERSION = YES;
				CLANG_WARN_COMMA = YES;
				CLANG_WARN_CONSTANT_CONVERSION = YES;
				CLANG_WARN_DEPRECATED_OBJC_IMPLEMENTATIONS = YES;
				CLANG_WARN_DIRECT_OBJC_ISA_USAGE = YES_ERROR;
				CLANG_WARN_DOCUMENTATION_COMMENTS = YES;
				CLANG_WARN_EMPTY_BODY = YES;
				CLANG_WARN_ENUM_CONVERSION = YES;
				CLANG_WARN_INFINITE_RECURSION = YES;
				CLANG_WARN_INT_CONVERSION = YES;
				CLANG_WARN_NON_LITERAL_NULL_CONVERSION = YES;
				CLANG_WARN_OBJC_IMPLICIT_RETAIN_SELF = YES;
				CLANG_WARN_OBJC_LITERAL_CONVERSION = YES;
				CLANG_WARN_OBJC_ROOT_CLASS = YES_ERROR;
				CLANG_WARN_RANGE_LOOP_ANALYSIS = YES;
				CLANG_WARN_STRICT_PROTOTYPES = YES;
				CLANG_WARN_SUSPICIOUS_MOVE = YES;
				CLANG_WARN_UNGUARDED_AVAILABILITY = YES_AGGRESSIVE;
				CLANG_WARN_UNREACHABLE_CODE = YES;
				CLANG_WARN__DUPLICATE_METHOD_MATCH = YES;
				CODE_SIGN_IDENTITY = "iPhone Developer";
				COPY_PHASE_STRIP = NO;
				DEBUG_INFORMATION_FORMAT = "dwarf-with-dsym";
				ENABLE_NS_ASSERTIONS = NO;
				ENABLE_STRICT_OBJC_MSGSEND = YES;
				GCC_C_LANGUAGE_STANDARD = gnu11;
				GCC_NO_COMMON_BLOCKS = YES;
				GCC_WARN_64_TO_32_BIT_CONVERSION = YES;
				GCC_WARN_ABOUT_RETURN_TYPE = YES_ERROR;
				GCC_WARN_UNDECLARED_SELECTOR = YES;
				GCC_WARN_UNINITIALIZED_AUTOS = YES_AGGRESSIVE;
				GCC_WARN_UNUSED_FUNCTION = YES;
				GCC_WARN_UNUSED_VARIABLE = YES;
				IPHONEOS_DEPLOYMENT_TARGET = 12.1;
				MTL_ENABLE_DEBUG_INFO = NO;
				MTL_FAST_MATH = YES;
				SDKROOT = iphoneos;
				VALIDATE_PRODUCT = YES;
			};
			name = Release;
		};
		9C65D2322266CBF900B37C89 /* Debug */ = {
			isa = XCBuildConfiguration;
			buildSettings = {
				ASSETCATALOG_COMPILER_APPICON_NAME = AppIcon;
				CODE_SIGN_STYLE = Automatic;
				DEVELOPMENT_TEAM = 23DBWT7HN5;
				INFOPLIST_FILE = CustomWeakTimer/Info.plist;
				IPHONEOS_DEPLOYMENT_TARGET = 10.0;
				LD_RUNPATH_SEARCH_PATHS = (
					"$(inherited)",
					"@executable_path/Frameworks",
				);
				PRODUCT_BUNDLE_IDENTIFIER = com.huatongsilver.CustomWeakTimer;
				PRODUCT_NAME = "$(TARGET_NAME)";
				TARGETED_DEVICE_FAMILY = "1,2";
			};
			name = Debug;
		};
		9C65D2332266CBF900B37C89 /* Release */ = {
			isa = XCBuildConfiguration;
			buildSettings = {
				ASSETCATALOG_COMPILER_APPICON_NAME = AppIcon;
				CODE_SIGN_STYLE = Automatic;
				DEVELOPMENT_TEAM = 23DBWT7HN5;
				INFOPLIST_FILE = CustomWeakTimer/Info.plist;
				IPHONEOS_DEPLOYMENT_TARGET = 10.0;
				LD_RUNPATH_SEARCH_PATHS = (
					"$(inherited)",
					"@executable_path/Frameworks",
				);
				PRODUCT_BUNDLE_IDENTIFIER = com.huatongsilver.CustomWeakTimer;
				PRODUCT_NAME = "$(TARGET_NAME)";
				TARGETED_DEVICE_FAMILY = "1,2";
			};
			name = Release;
		};
		9C65D2352266CBF900B37C89 /* Debug */ = {
			isa = XCBuildConfiguration;
			buildSettings = {
				CODE_SIGN_STYLE = Automatic;
				DEVELOPMENT_TEAM = 23DBWT7HN5;
				INFOPLIST_FILE = CustomWeakTimerUITests/Info.plist;
				LD_RUNPATH_SEARCH_PATHS = (
					"$(inherited)",
					"@executable_path/Frameworks",
					"@loader_path/Frameworks",
				);
				PRODUCT_BUNDLE_IDENTIFIER = com.huatongsilver.CustomWeakTimerUITests;
				PRODUCT_NAME = "$(TARGET_NAME)";
				TARGETED_DEVICE_FAMILY = "1,2";
				TEST_TARGET_NAME = CustomWeakTimer;
			};
			name = Debug;
		};
		9C65D2362266CBF900B37C89 /* Release */ = {
			isa = XCBuildConfiguration;
			buildSettings = {
				CODE_SIGN_STYLE = Automatic;
				DEVELOPMENT_TEAM = 23DBWT7HN5;
				INFOPLIST_FILE = CustomWeakTimerUITests/Info.plist;
				LD_RUNPATH_SEARCH_PATHS = (
					"$(inherited)",
					"@executable_path/Frameworks",
					"@loader_path/Frameworks",
				);
				PRODUCT_BUNDLE_IDENTIFIER = com.huatongsilver.CustomWeakTimerUITests;
				PRODUCT_NAME = "$(TARGET_NAME)";
				TARGETED_DEVICE_FAMILY = "1,2";
				TEST_TARGET_NAME = CustomWeakTimer;
			};
			name = Release;
		};
/* End XCBuildConfiguration section */

/* Begin XCConfigurationList section */
		9C65D20B2266CBF700B37C89 /* Build configuration list for PBXProject "CustomWeakTimer" */ = {
			isa = XCConfigurationList;
			buildConfigurations = (
				9C65D22F2266CBF900B37C89 /* Debug */,
				9C65D2302266CBF900B37C89 /* Release */,
			);
			defaultConfigurationIsVisible = 0;
			defaultConfigurationName = Release;
		};
		9C65D2312266CBF900B37C89 /* Build configuration list for PBXNativeTarget "CustomWeakTimer" */ = {
			isa = XCConfigurationList;
			buildConfigurations = (
				9C65D2322266CBF900B37C89 /* Debug */,
				9C65D2332266CBF900B37C89 /* Release */,
			);
			defaultConfigurationIsVisible = 0;
			defaultConfigurationName = Release;
		};
		9C65D2342266CBF900B37C89 /* Build configuration list for PBXNativeTarget "CustomWeakTimerUITests" */ = {
			isa = XCConfigurationList;
			buildConfigurations = (
				9C65D2352266CBF900B37C89 /* Debug */,
				9C65D2362266CBF900B37C89 /* Release */,
			);
			defaultConfigurationIsVisible = 0;
			defaultConfigurationName = Release;
		};
/* End XCConfigurationList section */
	};
	rootObject = 9C65D2082266CBF700B37C89 /* Project object */;
}
